
Microsoft Visual Studio Solution File, Format Version 12.00
# Visual Studio Version 17
VisualStudioVersion = 17.9.34607.119
MinimumVisualStudioVersion = 10.0.40219.1
Project("{FAE04EC0-301F-11D3-BF4B-00C04F79EFBC}") = "movie-library.Server", "movie-library.Server\movie-library.Server.csproj", "{68578384-69E9-4CAF-9335-C7916DB968D5}"
EndProject
Project("{54A90642-561A-4BB1-A94E-469ADEE60C69}") = "movie-library.client", "movie-library.client\movie-library.client.esproj", "{10B10480-9582-43B6-B648-78462926C68B}"
EndProject
Global
	GlobalSection(SolutionConfigurationPlatforms) = preSolution
		Debug|Any CPU = Debug|Any CPU
		Release|Any CPU = Release|Any CPU
	EndGlobalSection
	GlobalSection(ProjectConfigurationPlatforms) = postSolution
		{68578384-69E9-4CAF-9335-C7916DB968D5}.Debug|Any CPU.ActiveCfg = Debug|Any CPU
		{68578384-69E9-4CAF-9335-C7916DB968D5}.Debug|Any CPU.Build.0 = Debug|Any CPU
		{68578384-69E9-4CAF-9335-C7916DB968D5}.Release|Any CPU.ActiveCfg = Release|Any CPU
		{68578384-69E9-4CAF-9335-C7916DB968D5}.Release|Any CPU.Build.0 = Release|Any CPU
		{10B10480-9582-43B6-B648-78462926C68B}.Debug|Any CPU.ActiveCfg = Debug|Any CPU
		{10B10480-9582-43B6-B648-78462926C68B}.Debug|Any CPU.Build.0 = Debug|Any CPU
		{10B10480-9582-43B6-B648-78462926C68B}.Debug|Any CPU.Deploy.0 = Debug|Any CPU
		{10B10480-9582-43B6-B648-78462926C68B}.Release|Any CPU.ActiveCfg = Release|Any CPU
		{10B10480-9582-43B6-B648-78462926C68B}.Release|Any CPU.Build.0 = Release|Any CPU
		{10B10480-9582-43B6-B648-78462926C68B}.Release|Any CPU.Deploy.0 = Release|Any CPU
	EndGlobalSection
	GlobalSection(SolutionProperties) = preSolution
		HideSolutionNode = FALSE
	EndGlobalSection
	GlobalSection(ExtensibilityGlobals) = postSolution
		SolutionGuid = {7F95232E-2F29-43D2-8603-50CAF70B1876}
	EndGlobalSection
EndGlobal
